
Microsoft Visual Studio Solution File, Format Version 12.00
# Visual Studio 15
VisualStudioVersion = 15.0.27703.2042
MinimumVisualStudioVersion = 10.0.40219.1
Project("{9A19103F-16F7-4668-BE54-9A1E7A4F7556}") = "POC.Web", "POC.Web\POC.Web.csproj", "{18532B5A-AF61-4E55-8E6B-55BE41E86053}"
EndProject
Project("{2150E333-8FDC-42A3-9474-1A3956D46DE8}") = "Tests", "Tests", "{9F813243-8701-4FF1-A202-59EB98D8AE84}"
EndProject
Project("{9A19103F-16F7-4668-BE54-9A1E7A4F7556}") = "POC.API", "POC.API\POC.API.csproj", "{59EF2560-6F3C-497D-A35A-FD62679B0357}"
EndProject
Project("{9A19103F-16F7-4668-BE54-9A1E7A4F7556}") = "POC.API.Tests.IntegrationTests", "POC.API.Tests.IntegrationTests\POC.API.Tests.IntegrationTests.csproj", "{05D59891-3CCF-48CC-A097-537F9C4B486A}"
EndProject
Project("{9A19103F-16F7-4668-BE54-9A1E7A4F7556}") = "POC.API.Tests.UITests", "POC.API.Tests.UITests\POC.API.Tests.UITests.csproj", "{30937637-16F9-4C69-ADDF-312A45994B1F}"
EndProject
Project("{2150E333-8FDC-42A3-9474-1A3956D46DE8}") = "Core", "Core", "{7A75098A-DC14-4984-8737-430C319768C9}"
EndProject
Project("{FAE04EC0-301F-11D3-BF4B-00C04F79EFBC}") = "POC.Core", "Core\POC.Core\POC.Core.csproj", "{827A348A-FE37-4CF1-AF4D-10FF5ECA93F0}"
EndProject
Project("{FAE04EC0-301F-11D3-BF4B-00C04F79EFBC}") = "POC.Data", "Core\POC.Data\POC.Data.csproj", "{D02CE0F2-7AB2-4714-9399-373B1B23AD4A}"
EndProject
Project("{FAE04EC0-301F-11D3-BF4B-00C04F79EFBC}") = "POC.Service", "Core\POC.Service\POC.Service.csproj", "{27F44739-D23A-484D-9CEF-291ED00C7249}"
EndProject
Global
	GlobalSection(SolutionConfigurationPlatforms) = preSolution
		Debug|Any CPU = Debug|Any CPU
		Release|Any CPU = Release|Any CPU
	EndGlobalSection
	GlobalSection(ProjectConfigurationPlatforms) = postSolution
		{18532B5A-AF61-4E55-8E6B-55BE41E86053}.Debug|Any CPU.ActiveCfg = Debug|Any CPU
		{18532B5A-AF61-4E55-8E6B-55BE41E86053}.Debug|Any CPU.Build.0 = Debug|Any CPU
		{18532B5A-AF61-4E55-8E6B-55BE41E86053}.Release|Any CPU.ActiveCfg = Release|Any CPU
		{18532B5A-AF61-4E55-8E6B-55BE41E86053}.Release|Any CPU.Build.0 = Release|Any CPU
		{59EF2560-6F3C-497D-A35A-FD62679B0357}.Debug|Any CPU.ActiveCfg = Debug|Any CPU
		{59EF2560-6F3C-497D-A35A-FD62679B0357}.Debug|Any CPU.Build.0 = Debug|Any CPU
		{59EF2560-6F3C-497D-A35A-FD62679B0357}.Release|Any CPU.ActiveCfg = Release|Any CPU
		{59EF2560-6F3C-497D-A35A-FD62679B0357}.Release|Any CPU.Build.0 = Release|Any CPU
		{05D59891-3CCF-48CC-A097-537F9C4B486A}.Debug|Any CPU.ActiveCfg = Debug|Any CPU
		{05D59891-3CCF-48CC-A097-537F9C4B486A}.Debug|Any CPU.Build.0 = Debug|Any CPU
		{05D59891-3CCF-48CC-A097-537F9C4B486A}.Release|Any CPU.ActiveCfg = Release|Any CPU
		{05D59891-3CCF-48CC-A097-537F9C4B486A}.Release|Any CPU.Build.0 = Release|Any CPU
		{30937637-16F9-4C69-ADDF-312A45994B1F}.Debug|Any CPU.ActiveCfg = Debug|Any CPU
		{30937637-16F9-4C69-ADDF-312A45994B1F}.Debug|Any CPU.Build.0 = Debug|Any CPU
		{30937637-16F9-4C69-ADDF-312A45994B1F}.Release|Any CPU.ActiveCfg = Release|Any CPU
		{30937637-16F9-4C69-ADDF-312A45994B1F}.Release|Any CPU.Build.0 = Release|Any CPU
		{827A348A-FE37-4CF1-AF4D-10FF5ECA93F0}.Debug|Any CPU.ActiveCfg = Debug|Any CPU
		{827A348A-FE37-4CF1-AF4D-10FF5ECA93F0}.Debug|Any CPU.Build.0 = Debug|Any CPU
		{827A348A-FE37-4CF1-AF4D-10FF5ECA93F0}.Release|Any CPU.ActiveCfg = Release|Any CPU
		{827A348A-FE37-4CF1-AF4D-10FF5ECA93F0}.Release|Any CPU.Build.0 = Release|Any CPU
		{D02CE0F2-7AB2-4714-9399-373B1B23AD4A}.Debug|Any CPU.ActiveCfg = Debug|Any CPU
		{D02CE0F2-7AB2-4714-9399-373B1B23AD4A}.Debug|Any CPU.Build.0 = Debug|Any CPU
		{D02CE0F2-7AB2-4714-9399-373B1B23AD4A}.Release|Any CPU.ActiveCfg = Release|Any CPU
		{D02CE0F2-7AB2-4714-9399-373B1B23AD4A}.Release|Any CPU.Build.0 = Release|Any CPU
		{27F44739-D23A-484D-9CEF-291ED00C7249}.Debug|Any CPU.ActiveCfg = Debug|Any CPU
		{27F44739-D23A-484D-9CEF-291ED00C7249}.Debug|Any CPU.Build.0 = Debug|Any CPU
		{27F44739-D23A-484D-9CEF-291ED00C7249}.Release|Any CPU.ActiveCfg = Release|Any CPU
		{27F44739-D23A-484D-9CEF-291ED00C7249}.Release|Any CPU.Build.0 = Release|Any CPU
	EndGlobalSection
	GlobalSection(SolutionProperties) = preSolution
		HideSolutionNode = FALSE
	EndGlobalSection
	GlobalSection(NestedProjects) = preSolution
		{05D59891-3CCF-48CC-A097-537F9C4B486A} = {9F813243-8701-4FF1-A202-59EB98D8AE84}
		{30937637-16F9-4C69-ADDF-312A45994B1F} = {9F813243-8701-4FF1-A202-59EB98D8AE84}
		{827A348A-FE37-4CF1-AF4D-10FF5ECA93F0} = {7A75098A-DC14-4984-8737-430C319768C9}
		{D02CE0F2-7AB2-4714-9399-373B1B23AD4A} = {7A75098A-DC14-4984-8737-430C319768C9}
		{27F44739-D23A-484D-9CEF-291ED00C7249} = {7A75098A-DC14-4984-8737-430C319768C9}
	EndGlobalSection
	GlobalSection(ExtensibilityGlobals) = postSolution
		SolutionGuid = {6248C8BC-8451-47C4-995D-D354121820BE}
	EndGlobalSection
EndGlobal
